// !$*UTF8*$!
{
	archiveVersion = 1;
	classes = {
	};
	objectVersion = 56;
	objects = {

/* Begin PBXBuildFile section */
		803BBC9B29747EA100FB5954 /* TodayWeatherTableViewCell.swift in Sources */ = {isa = PBXBuildFile; fileRef = 803BBC9A29747EA100FB5954 /* TodayWeatherTableViewCell.swift */; };
		8047A51C29719C7400E4ECD7 /* SettingsViewModel.swift in Sources */ = {isa = PBXBuildFile; fileRef = 8047A51B29719C7400E4ECD7 /* SettingsViewModel.swift */; };
		8047A51E29719C8A00E4ECD7 /* SettingsProviderProtocol.swift in Sources */ = {isa = PBXBuildFile; fileRef = 8047A51D29719C8A00E4ECD7 /* SettingsProviderProtocol.swift */; };
		8047A52129719CE200E4ECD7 /* Settings.swift in Sources */ = {isa = PBXBuildFile; fileRef = 8047A52029719CE200E4ECD7 /* Settings.swift */; };
		8047A52329719E9F00E4ECD7 /* UserDefaultsSettingsProvider.swift in Sources */ = {isa = PBXBuildFile; fileRef = 8047A52229719E9F00E4ECD7 /* UserDefaultsSettingsProvider.swift */; };
		8047A5282971CE3500E4ECD7 /* WeatherViewController.swift in Sources */ = {isa = PBXBuildFile; fileRef = 8047A5272971CE3500E4ECD7 /* WeatherViewController.swift */; };
		8047A52A2971CEC900E4ECD7 /* LocationsStorageProtocol.swift in Sources */ = {isa = PBXBuildFile; fileRef = 8047A5292971CEC900E4ECD7 /* LocationsStorageProtocol.swift */; };
		80720C1B2973136C008E9336 /* Coordinator.swift in Sources */ = {isa = PBXBuildFile; fileRef = 80720C1A2973136C008E9336 /* Coordinator.swift */; };
		80720C1D297313FF008E9336 /* MainCoordinator.swift in Sources */ = {isa = PBXBuildFile; fileRef = 80720C1C297313FF008E9336 /* MainCoordinator.swift */; };
		80720C1F297315E6008E9336 /* WeatherViewModel.swift in Sources */ = {isa = PBXBuildFile; fileRef = 80720C1E297315E6008E9336 /* WeatherViewModel.swift */; };
		80720C2129732625008E9336 /* WeatherPageViewController.swift in Sources */ = {isa = PBXBuildFile; fileRef = 80720C2029732625008E9336 /* WeatherPageViewController.swift */; };
		80720C2329732815008E9336 /* WeatherPageViewModel.swift in Sources */ = {isa = PBXBuildFile; fileRef = 80720C2229732815008E9336 /* WeatherPageViewModel.swift */; };
		80720C2529732B06008E9336 /* WeatherViewModelFactoryProtocol.swift in Sources */ = {isa = PBXBuildFile; fileRef = 80720C2429732B06008E9336 /* WeatherViewModelFactoryProtocol.swift */; };
		80720C2729733659008E9336 /* AddLocationViewController.swift in Sources */ = {isa = PBXBuildFile; fileRef = 80720C2629733659008E9336 /* AddLocationViewController.swift */; };
		807C2CD6296DA8A00035087B /* AppDelegate.swift in Sources */ = {isa = PBXBuildFile; fileRef = 807C2CD5296DA8A00035087B /* AppDelegate.swift */; };
		807C2CDF296DA8A10035087B /* Assets.xcassets in Resources */ = {isa = PBXBuildFile; fileRef = 807C2CDE296DA8A10035087B /* Assets.xcassets */; };
		807C2CEE296DAC230035087B /* WeatherApiProtocol.swift in Sources */ = {isa = PBXBuildFile; fileRef = 807C2CED296DAC230035087B /* WeatherApiProtocol.swift */; };
		807C2CF1296DBDD10035087B /* SnapKit in Frameworks */ = {isa = PBXBuildFile; productRef = 807C2CF0296DBDD10035087B /* SnapKit */; };
		807C2CF4296DC6790035087B /* YandexWeatherApi.swift in Sources */ = {isa = PBXBuildFile; fileRef = 807C2CF3296DC6790035087B /* YandexWeatherApi.swift */; };
		8097294B296DCFA0008CC37F /* Weather.swift in Sources */ = {isa = PBXBuildFile; fileRef = 8097294A296DCFA0008CC37F /* Weather.swift */; };
		80CBAD962976FEDF008D7245 /* Fact.swift in Sources */ = {isa = PBXBuildFile; fileRef = 80CBAD952976FEDF008D7245 /* Fact.swift */; };
		80CBAD9B29770DA6008D7245 /* NumberExtensions.swift in Sources */ = {isa = PBXBuildFile; fileRef = 80CBAD9A29770DA6008D7245 /* NumberExtensions.swift */; };
		80CBAD9F29771778008D7245 /* UIImageExtensions.swift in Sources */ = {isa = PBXBuildFile; fileRef = 80CBAD9E29771778008D7245 /* UIImageExtensions.swift */; };
		80CBADA229771BCB008D7245 /* SVGKitSwift in Frameworks */ = {isa = PBXBuildFile; productRef = 80CBADA129771BCB008D7245 /* SVGKitSwift */; };
		80DA02472971CFEB0095D06A /* LocationsCoreDataProvider.swift in Sources */ = {isa = PBXBuildFile; fileRef = 80DA02462971CFEB0095D06A /* LocationsCoreDataProvider.swift */; };
		80DA02492971D7640095D06A /* OnboardingViewModel.swift in Sources */ = {isa = PBXBuildFile; fileRef = 80DA02482971D7640095D06A /* OnboardingViewModel.swift */; };
		80E0A1B6296F2D74001363FB /* OnboardingViewController.swift in Sources */ = {isa = PBXBuildFile; fileRef = 80E0A1B5296F2D74001363FB /* OnboardingViewController.swift */; };
		80E0A1B8296F2F20001363FB /* Colors.swift in Sources */ = {isa = PBXBuildFile; fileRef = 80E0A1B7296F2F20001363FB /* Colors.swift */; };
		80E0A1BB296F35C4001363FB /* BundleExtensions.swift in Sources */ = {isa = PBXBuildFile; fileRef = 80E0A1BA296F35C4001363FB /* BundleExtensions.swift */; };
		80E0A1C4296F411E001363FB /* Rubik-VariableFont_wght.ttf in Resources */ = {isa = PBXBuildFile; fileRef = 80E0A1C3296F4112001363FB /* Rubik-VariableFont_wght.ttf */; };
		80E0A1C6296F42BE001363FB /* Fonts.swift in Sources */ = {isa = PBXBuildFile; fileRef = 80E0A1C5296F42BE001363FB /* Fonts.swift */; };
		80E0A1C8296F4436001363FB /* CustomButton.swift in Sources */ = {isa = PBXBuildFile; fileRef = 80E0A1C7296F4436001363FB /* CustomButton.swift */; };
		80E0A1CB296F4A77001363FB /* SettingsViewController.swift in Sources */ = {isa = PBXBuildFile; fileRef = 80E0A1CA296F4A77001363FB /* SettingsViewController.swift */; };
		80F7A5B9297442AA00609786 /* UIViewControllerExtensions.swift in Sources */ = {isa = PBXBuildFile; fileRef = 80F7A5B8297442AA00609786 /* UIViewControllerExtensions.swift */; };
		80F7A5BD297449BD00609786 /* LocationGeocoderProtocol.swift in Sources */ = {isa = PBXBuildFile; fileRef = 80F7A5BC297449BD00609786 /* LocationGeocoderProtocol.swift */; };
		80F7A5BF29744A4300609786 /* CoreLocationGeocoder.swift in Sources */ = {isa = PBXBuildFile; fileRef = 80F7A5BE29744A4300609786 /* CoreLocationGeocoder.swift */; };
		80F7A5C22974540C00609786 /* L_Weather.xcdatamodeld in Sources */ = {isa = PBXBuildFile; fileRef = 80F7A5C02974540C00609786 /* L_Weather.xcdatamodeld */; };
/* End PBXBuildFile section */

/* Begin PBXFileReference section */
		803BBC9A29747EA100FB5954 /* TodayWeatherTableViewCell.swift */ = {isa = PBXFileReference; lastKnownFileType = sourcecode.swift; path = TodayWeatherTableViewCell.swift; sourceTree = "<group>"; };
		8047A51B29719C7400E4ECD7 /* SettingsViewModel.swift */ = {isa = PBXFileReference; lastKnownFileType = sourcecode.swift; path = SettingsViewModel.swift; sourceTree = "<group>"; };
		8047A51D29719C8A00E4ECD7 /* SettingsProviderProtocol.swift */ = {isa = PBXFileReference; lastKnownFileType = sourcecode.swift; path = SettingsProviderProtocol.swift; sourceTree = "<group>"; };
		8047A52029719CE200E4ECD7 /* Settings.swift */ = {isa = PBXFileReference; lastKnownFileType = sourcecode.swift; path = Settings.swift; sourceTree = "<group>"; };
		8047A52229719E9F00E4ECD7 /* UserDefaultsSettingsProvider.swift */ = {isa = PBXFileReference; lastKnownFileType = sourcecode.swift; path = UserDefaultsSettingsProvider.swift; sourceTree = "<group>"; };
		8047A5272971CE3500E4ECD7 /* WeatherViewController.swift */ = {isa = PBXFileReference; lastKnownFileType = sourcecode.swift; path = WeatherViewController.swift; sourceTree = "<group>"; };
		8047A5292971CEC900E4ECD7 /* LocationsStorageProtocol.swift */ = {isa = PBXFileReference; lastKnownFileType = sourcecode.swift; path = LocationsStorageProtocol.swift; sourceTree = "<group>"; };
		80720C1A2973136C008E9336 /* Coordinator.swift */ = {isa = PBXFileReference; lastKnownFileType = sourcecode.swift; path = Coordinator.swift; sourceTree = "<group>"; };
		80720C1C297313FF008E9336 /* MainCoordinator.swift */ = {isa = PBXFileReference; lastKnownFileType = sourcecode.swift; path = MainCoordinator.swift; sourceTree = "<group>"; };
		80720C1E297315E6008E9336 /* WeatherViewModel.swift */ = {isa = PBXFileReference; lastKnownFileType = sourcecode.swift; path = WeatherViewModel.swift; sourceTree = "<group>"; };
		80720C2029732625008E9336 /* WeatherPageViewController.swift */ = {isa = PBXFileReference; lastKnownFileType = sourcecode.swift; path = WeatherPageViewController.swift; sourceTree = "<group>"; };
		80720C2229732815008E9336 /* WeatherPageViewModel.swift */ = {isa = PBXFileReference; lastKnownFileType = sourcecode.swift; path = WeatherPageViewModel.swift; sourceTree = "<group>"; };
		80720C2429732B06008E9336 /* WeatherViewModelFactoryProtocol.swift */ = {isa = PBXFileReference; lastKnownFileType = sourcecode.swift; path = WeatherViewModelFactoryProtocol.swift; sourceTree = "<group>"; };
		80720C2629733659008E9336 /* AddLocationViewController.swift */ = {isa = PBXFileReference; lastKnownFileType = sourcecode.swift; path = AddLocationViewController.swift; sourceTree = "<group>"; };
		807C2CD2296DA8A00035087B /* L_Weather.app */ = {isa = PBXFileReference; explicitFileType = wrapper.application; includeInIndex = 0; path = L_Weather.app; sourceTree = BUILT_PRODUCTS_DIR; };
		807C2CD5296DA8A00035087B /* AppDelegate.swift */ = {isa = PBXFileReference; lastKnownFileType = sourcecode.swift; path = AppDelegate.swift; sourceTree = "<group>"; };
		807C2CDE296DA8A10035087B /* Assets.xcassets */ = {isa = PBXFileReference; lastKnownFileType = folder.assetcatalog; path = Assets.xcassets; sourceTree = "<group>"; };
		807C2CE3296DA8A10035087B /* Info.plist */ = {isa = PBXFileReference; lastKnownFileType = text.plist.xml; path = Info.plist; sourceTree = "<group>"; };
		807C2CED296DAC230035087B /* WeatherApiProtocol.swift */ = {isa = PBXFileReference; lastKnownFileType = sourcecode.swift; path = WeatherApiProtocol.swift; sourceTree = "<group>"; };
		807C2CF3296DC6790035087B /* YandexWeatherApi.swift */ = {isa = PBXFileReference; lastKnownFileType = sourcecode.swift; path = YandexWeatherApi.swift; sourceTree = "<group>"; };
		8097294A296DCFA0008CC37F /* Weather.swift */ = {isa = PBXFileReference; lastKnownFileType = sourcecode.swift; path = Weather.swift; sourceTree = "<group>"; };
		80CBAD952976FEDF008D7245 /* Fact.swift */ = {isa = PBXFileReference; lastKnownFileType = sourcecode.swift; path = Fact.swift; sourceTree = "<group>"; };
		80CBAD9A29770DA6008D7245 /* NumberExtensions.swift */ = {isa = PBXFileReference; lastKnownFileType = sourcecode.swift; path = NumberExtensions.swift; sourceTree = "<group>"; };
		80CBAD9E29771778008D7245 /* UIImageExtensions.swift */ = {isa = PBXFileReference; lastKnownFileType = sourcecode.swift; path = UIImageExtensions.swift; sourceTree = "<group>"; };
		80DA02462971CFEB0095D06A /* LocationsCoreDataProvider.swift */ = {isa = PBXFileReference; lastKnownFileType = sourcecode.swift; path = LocationsCoreDataProvider.swift; sourceTree = "<group>"; };
		80DA02482971D7640095D06A /* OnboardingViewModel.swift */ = {isa = PBXFileReference; lastKnownFileType = sourcecode.swift; path = OnboardingViewModel.swift; sourceTree = "<group>"; };
		80E0A1B5296F2D74001363FB /* OnboardingViewController.swift */ = {isa = PBXFileReference; lastKnownFileType = sourcecode.swift; path = OnboardingViewController.swift; sourceTree = "<group>"; };
		80E0A1B7296F2F20001363FB /* Colors.swift */ = {isa = PBXFileReference; lastKnownFileType = sourcecode.swift; path = Colors.swift; sourceTree = "<group>"; };
		80E0A1BA296F35C4001363FB /* BundleExtensions.swift */ = {isa = PBXFileReference; lastKnownFileType = sourcecode.swift; path = BundleExtensions.swift; sourceTree = "<group>"; };
		80E0A1C3296F4112001363FB /* Rubik-VariableFont_wght.ttf */ = {isa = PBXFileReference; lastKnownFileType = file; path = "Rubik-VariableFont_wght.ttf"; sourceTree = "<group>"; };
		80E0A1C5296F42BE001363FB /* Fonts.swift */ = {isa = PBXFileReference; lastKnownFileType = sourcecode.swift; path = Fonts.swift; sourceTree = "<group>"; };
		80E0A1C7296F4436001363FB /* CustomButton.swift */ = {isa = PBXFileReference; lastKnownFileType = sourcecode.swift; path = CustomButton.swift; sourceTree = "<group>"; };
		80E0A1CA296F4A77001363FB /* SettingsViewController.swift */ = {isa = PBXFileReference; lastKnownFileType = sourcecode.swift; path = SettingsViewController.swift; sourceTree = "<group>"; };
		80F7A5B8297442AA00609786 /* UIViewControllerExtensions.swift */ = {isa = PBXFileReference; lastKnownFileType = sourcecode.swift; path = UIViewControllerExtensions.swift; sourceTree = "<group>"; };
		80F7A5BC297449BD00609786 /* LocationGeocoderProtocol.swift */ = {isa = PBXFileReference; lastKnownFileType = sourcecode.swift; path = LocationGeocoderProtocol.swift; sourceTree = "<group>"; };
		80F7A5BE29744A4300609786 /* CoreLocationGeocoder.swift */ = {isa = PBXFileReference; lastKnownFileType = sourcecode.swift; path = CoreLocationGeocoder.swift; sourceTree = "<group>"; };
		80F7A5C12974540C00609786 /* L_Weather.xcdatamodel */ = {isa = PBXFileReference; lastKnownFileType = wrapper.xcdatamodel; path = L_Weather.xcdatamodel; sourceTree = "<group>"; };
/* End PBXFileReference section */

/* Begin PBXFrameworksBuildPhase section */
		807C2CCF296DA8A00035087B /* Frameworks */ = {
			isa = PBXFrameworksBuildPhase;
			buildActionMask = 2147483647;
			files = (
				80CBADA229771BCB008D7245 /* SVGKitSwift in Frameworks */,
				807C2CF1296DBDD10035087B /* SnapKit in Frameworks */,
			);
			runOnlyForDeploymentPostprocessing = 0;
		};
/* End PBXFrameworksBuildPhase section */

/* Begin PBXGroup section */
		803BBC982974714A00FB5954 /* Paging */ = {
			isa = PBXGroup;
			children = (
				80720C2029732625008E9336 /* WeatherPageViewController.swift */,
				80720C2229732815008E9336 /* WeatherPageViewModel.swift */,
			);
			path = Paging;
			sourceTree = "<group>";
		};
		803BBC9929747E6900FB5954 /* Cells */ = {
			isa = PBXGroup;
			children = (
				803BBC9A29747EA100FB5954 /* TodayWeatherTableViewCell.swift */,
			);
			path = Cells;
			sourceTree = "<group>";
		};
		8047A51F29719CA500E4ECD7 /* Settings */ = {
			isa = PBXGroup;
			children = (
				8047A51D29719C8A00E4ECD7 /* SettingsProviderProtocol.swift */,
				8047A52029719CE200E4ECD7 /* Settings.swift */,
				8047A52229719E9F00E4ECD7 /* UserDefaultsSettingsProvider.swift */,
			);
			path = Settings;
			sourceTree = "<group>";
		};
		8047A5262971CD6C00E4ECD7 /* WeatherScreen */ = {
			isa = PBXGroup;
			children = (
				803BBC9929747E6900FB5954 /* Cells */,
				803BBC982974714A00FB5954 /* Paging */,
				8047A5272971CE3500E4ECD7 /* WeatherViewController.swift */,
				80720C1E297315E6008E9336 /* WeatherViewModel.swift */,
				80720C2629733659008E9336 /* AddLocationViewController.swift */,
			);
			path = WeatherScreen;
			sourceTree = "<group>";
		};
		807C2CC9296DA8A00035087B = {
			isa = PBXGroup;
			children = (
				807C2CD4296DA8A00035087B /* L_Weather */,
				807C2CD3296DA8A00035087B /* Products */,
			);
			sourceTree = "<group>";
		};
		807C2CD3296DA8A00035087B /* Products */ = {
			isa = PBXGroup;
			children = (
				807C2CD2296DA8A00035087B /* L_Weather.app */,
			);
			name = Products;
			sourceTree = "<group>";
		};
		807C2CD4296DA8A00035087B /* L_Weather */ = {
			isa = PBXGroup;
			children = (
				807C2CE3296DA8A10035087B /* Info.plist */,
				807C2CD5296DA8A00035087B /* AppDelegate.swift */,
				807C2CDE296DA8A10035087B /* Assets.xcassets */,
				80E0A1B9296F35A8001363FB /* Extensions */,
				807C2CEC296DAC020035087B /* Model */,
				80E0A1BC296F3D40001363FB /* Resources */,
				807C2CEB296DABFB0035087B /* Screens */,
			);
			path = L_Weather;
			sourceTree = "<group>";
		};
		807C2CEB296DABFB0035087B /* Screens */ = {
			isa = PBXGroup;
			children = (
				80E0A1C7296F4436001363FB /* CustomButton.swift */,
				80720C1A2973136C008E9336 /* Coordinator.swift */,
				80720C1C297313FF008E9336 /* MainCoordinator.swift */,
				8047A5262971CD6C00E4ECD7 /* WeatherScreen */,
				80E0A1C9296F4A59001363FB /* Settings */,
				80E0A1B4296F2D3F001363FB /* Onboarding */,
				80720C2429732B06008E9336 /* WeatherViewModelFactoryProtocol.swift */,
			);
			path = Screens;
			sourceTree = "<group>";
		};
		807C2CEC296DAC020035087B /* Model */ = {
			isa = PBXGroup;
			children = (
				80F7A5BB2974499000609786 /* Locations */,
				8047A51F29719CA500E4ECD7 /* Settings */,
				80972949296DCF80008CC37F /* Network */,
			);
			path = Model;
			sourceTree = "<group>";
		};
		807C2CF5296DC6FE0035087B /* Storage */ = {
			isa = PBXGroup;
			children = (
				8047A5292971CEC900E4ECD7 /* LocationsStorageProtocol.swift */,
				80DA02462971CFEB0095D06A /* LocationsCoreDataProvider.swift */,
				80F7A5C02974540C00609786 /* L_Weather.xcdatamodeld */,
			);
			path = Storage;
			sourceTree = "<group>";
		};
		80972949296DCF80008CC37F /* Network */ = {
			isa = PBXGroup;
			children = (
				80CBAD942976FECD008D7245 /* Weather */,
				807C2CED296DAC230035087B /* WeatherApiProtocol.swift */,
				807C2CF3296DC6790035087B /* YandexWeatherApi.swift */,
			);
			path = Network;
			sourceTree = "<group>";
		};
		80CBAD942976FECD008D7245 /* Weather */ = {
			isa = PBXGroup;
			children = (
				8097294A296DCFA0008CC37F /* Weather.swift */,
				80CBAD952976FEDF008D7245 /* Fact.swift */,
			);
			path = Weather;
			sourceTree = "<group>";
		};
		80E0A1B4296F2D3F001363FB /* Onboarding */ = {
			isa = PBXGroup;
			children = (
				80E0A1B5296F2D74001363FB /* OnboardingViewController.swift */,
				80DA02482971D7640095D06A /* OnboardingViewModel.swift */,
			);
			path = Onboarding;
			sourceTree = "<group>";
		};
		80E0A1B9296F35A8001363FB /* Extensions */ = {
			isa = PBXGroup;
			children = (
				80E0A1BA296F35C4001363FB /* BundleExtensions.swift */,
				80F7A5B8297442AA00609786 /* UIViewControllerExtensions.swift */,
				80CBAD9A29770DA6008D7245 /* NumberExtensions.swift */,
				80CBAD9E29771778008D7245 /* UIImageExtensions.swift */,
			);
			path = Extensions;
			sourceTree = "<group>";
		};
		80E0A1BC296F3D40001363FB /* Resources */ = {
			isa = PBXGroup;
			children = (
				80E0A1B7296F2F20001363FB /* Colors.swift */,
				80E0A1C5296F42BE001363FB /* Fonts.swift */,
				80E0A1C3296F4112001363FB /* Rubik-VariableFont_wght.ttf */,
			);
			path = Resources;
			sourceTree = "<group>";
		};
		80E0A1C9296F4A59001363FB /* Settings */ = {
			isa = PBXGroup;
			children = (
				80E0A1CA296F4A77001363FB /* SettingsViewController.swift */,
				8047A51B29719C7400E4ECD7 /* SettingsViewModel.swift */,
			);
			path = Settings;
			sourceTree = "<group>";
		};
		80F7A5BB2974499000609786 /* Locations */ = {
			isa = PBXGroup;
			children = (
				807C2CF5296DC6FE0035087B /* Storage */,
				80F7A5BC297449BD00609786 /* LocationGeocoderProtocol.swift */,
				80F7A5BE29744A4300609786 /* CoreLocationGeocoder.swift */,
			);
			path = Locations;
			sourceTree = "<group>";
		};
/* End PBXGroup section */

/* Begin PBXNativeTarget section */
		807C2CD1296DA8A00035087B /* L_Weather */ = {
			isa = PBXNativeTarget;
			buildConfigurationList = 807C2CE6296DA8A10035087B /* Build configuration list for PBXNativeTarget "L_Weather" */;
			buildPhases = (
				807C2CCE296DA8A00035087B /* Sources */,
				807C2CCF296DA8A00035087B /* Frameworks */,
				807C2CD0296DA8A00035087B /* Resources */,
			);
			buildRules = (
			);
			dependencies = (
			);
			name = L_Weather;
			packageProductDependencies = (
				807C2CF0296DBDD10035087B /* SnapKit */,
				80CBADA129771BCB008D7245 /* SVGKitSwift */,
			);
			productName = L_Weather;
			productReference = 807C2CD2296DA8A00035087B /* L_Weather.app */;
			productType = "com.apple.product-type.application";
		};
/* End PBXNativeTarget section */

/* Begin PBXProject section */
		807C2CCA296DA8A00035087B /* Project object */ = {
			isa = PBXProject;
			attributes = {
				BuildIndependentTargetsInParallel = 1;
				KnownAssetTags = (
					New,
				);
				LastSwiftUpdateCheck = 1420;
				LastUpgradeCheck = 1420;
				TargetAttributes = {
					807C2CD1296DA8A00035087B = {
						CreatedOnToolsVersion = 14.2;
					};
				};
			};
			buildConfigurationList = 807C2CCD296DA8A00035087B /* Build configuration list for PBXProject "L_Weather" */;
			compatibilityVersion = "Xcode 14.0";
			developmentRegion = en;
			hasScannedForEncodings = 0;
			knownRegions = (
				en,
				Base,
			);
			mainGroup = 807C2CC9296DA8A00035087B;
			packageReferences = (
				807C2CEF296DBDD10035087B /* XCRemoteSwiftPackageReference "SnapKit" */,
				80CBADA029771BCB008D7245 /* XCRemoteSwiftPackageReference "SVGKit" */,
			);
			productRefGroup = 807C2CD3296DA8A00035087B /* Products */;
			projectDirPath = "";
			projectRoot = "";
			targets = (
				807C2CD1296DA8A00035087B /* L_Weather */,
			);
		};
/* End PBXProject section */

/* Begin PBXResourcesBuildPhase section */
		807C2CD0296DA8A00035087B /* Resources */ = {
			isa = PBXResourcesBuildPhase;
			buildActionMask = 2147483647;
			files = (
				80E0A1C4296F411E001363FB /* Rubik-VariableFont_wght.ttf in Resources */,
				807C2CDF296DA8A10035087B /* Assets.xcassets in Resources */,
			);
			runOnlyForDeploymentPostprocessing = 0;
		};
/* End PBXResourcesBuildPhase section */

/* Begin PBXSourcesBuildPhase section */
		807C2CCE296DA8A00035087B /* Sources */ = {
			isa = PBXSourcesBuildPhase;
			buildActionMask = 2147483647;
			files = (
				8047A52A2971CEC900E4ECD7 /* LocationsStorageProtocol.swift in Sources */,
				80720C1D297313FF008E9336 /* MainCoordinator.swift in Sources */,
				807C2CF4296DC6790035087B /* YandexWeatherApi.swift in Sources */,
				80F7A5C22974540C00609786 /* L_Weather.xcdatamodeld in Sources */,
				80720C1F297315E6008E9336 /* WeatherViewModel.swift in Sources */,
				80720C2529732B06008E9336 /* WeatherViewModelFactoryProtocol.swift in Sources */,
				803BBC9B29747EA100FB5954 /* TodayWeatherTableViewCell.swift in Sources */,
				80720C2729733659008E9336 /* AddLocationViewController.swift in Sources */,
				80E0A1B6296F2D74001363FB /* OnboardingViewController.swift in Sources */,
				80E0A1CB296F4A77001363FB /* SettingsViewController.swift in Sources */,
				80CBAD9B29770DA6008D7245 /* NumberExtensions.swift in Sources */,
				80F7A5BD297449BD00609786 /* LocationGeocoderProtocol.swift in Sources */,
				80CBAD9F29771778008D7245 /* UIImageExtensions.swift in Sources */,
				807C2CEE296DAC230035087B /* WeatherApiProtocol.swift in Sources */,
				8047A52129719CE200E4ECD7 /* Settings.swift in Sources */,
				8047A5282971CE3500E4ECD7 /* WeatherViewController.swift in Sources */,
				80E0A1BB296F35C4001363FB /* BundleExtensions.swift in Sources */,
				8047A51E29719C8A00E4ECD7 /* SettingsProviderProtocol.swift in Sources */,
				80F7A5BF29744A4300609786 /* CoreLocationGeocoder.swift in Sources */,
				80E0A1C8296F4436001363FB /* CustomButton.swift in Sources */,
				80E0A1B8296F2F20001363FB /* Colors.swift in Sources */,
				80720C2329732815008E9336 /* WeatherPageViewModel.swift in Sources */,
				80720C1B2973136C008E9336 /* Coordinator.swift in Sources */,
				80DA02492971D7640095D06A /* OnboardingViewModel.swift in Sources */,
				80720C2129732625008E9336 /* WeatherPageViewController.swift in Sources */,
				80DA02472971CFEB0095D06A /* LocationsCoreDataProvider.swift in Sources */,
				80CBAD962976FEDF008D7245 /* Fact.swift in Sources */,
				807C2CD6296DA8A00035087B /* AppDelegate.swift in Sources */,
				80F7A5B9297442AA00609786 /* UIViewControllerExtensions.swift in Sources */,
				8047A52329719E9F00E4ECD7 /* UserDefaultsSettingsProvider.swift in Sources */,
				80E0A1C6296F42BE001363FB /* Fonts.swift in Sources */,
				8097294B296DCFA0008CC37F /* Weather.swift in Sources */,
				8047A51C29719C7400E4ECD7 /* SettingsViewModel.swift in Sources */,
			);
			runOnlyForDeploymentPostprocessing = 0;
		};
/* End PBXSourcesBuildPhase section */

/* Begin XCBuildConfiguration section */
		807C2CE4296DA8A10035087B /* Debug */ = {
			isa = XCBuildConfiguration;
			buildSettings = {
				ALWAYS_SEARCH_USER_PATHS = NO;
				CLANG_ANALYZER_NONNULL = YES;
				CLANG_ANALYZER_NUMBER_OBJECT_CONVERSION = YES_AGGRESSIVE;
				CLANG_CXX_LANGUAGE_STANDARD = "gnu++20";
				CLANG_ENABLE_MODULES = YES;
				CLANG_ENABLE_OBJC_ARC = YES;
				CLANG_ENABLE_OBJC_WEAK = YES;
				CLANG_WARN_BLOCK_CAPTURE_AUTORELEASING = YES;
				CLANG_WARN_BOOL_CONVERSION = YES;
				CLANG_WARN_COMMA = YES;
				CLANG_WARN_CONSTANT_CONVERSION = YES;
				CLANG_WARN_DEPRECATED_OBJC_IMPLEMENTATIONS = YES;
				CLANG_WARN_DIRECT_OBJC_ISA_USAGE = YES_ERROR;
				CLANG_WARN_DOCUMENTATION_COMMENTS = YES;
				CLANG_WARN_EMPTY_BODY = YES;
				CLANG_WARN_ENUM_CONVERSION = YES;
				CLANG_WARN_INFINITE_RECURSION = YES;
				CLANG_WARN_INT_CONVERSION = YES;
				CLANG_WARN_NON_LITERAL_NULL_CONVERSION = YES;
				CLANG_WARN_OBJC_IMPLICIT_RETAIN_SELF = YES;
				CLANG_WARN_OBJC_LITERAL_CONVERSION = YES;
				CLANG_WARN_OBJC_ROOT_CLASS = YES_ERROR;
				CLANG_WARN_QUOTED_INCLUDE_IN_FRAMEWORK_HEADER = YES;
				CLANG_WARN_RANGE_LOOP_ANALYSIS = YES;
				CLANG_WARN_STRICT_PROTOTYPES = YES;
				CLANG_WARN_SUSPICIOUS_MOVE = YES;
				CLANG_WARN_UNGUARDED_AVAILABILITY = YES_AGGRESSIVE;
				CLANG_WARN_UNREACHABLE_CODE = YES;
				CLANG_WARN__DUPLICATE_METHOD_MATCH = YES;
				COPY_PHASE_STRIP = NO;
				DEBUG_INFORMATION_FORMAT = dwarf;
				ENABLE_STRICT_OBJC_MSGSEND = YES;
				ENABLE_TESTABILITY = YES;
				GCC_C_LANGUAGE_STANDARD = gnu11;
				GCC_DYNAMIC_NO_PIC = NO;
				GCC_NO_COMMON_BLOCKS = YES;
				GCC_OPTIMIZATION_LEVEL = 0;
				GCC_PREPROCESSOR_DEFINITIONS = (
					"DEBUG=1",
					"$(inherited)",
				);
				GCC_WARN_64_TO_32_BIT_CONVERSION = YES;
				GCC_WARN_ABOUT_RETURN_TYPE = YES_ERROR;
				GCC_WARN_UNDECLARED_SELECTOR = YES;
				GCC_WARN_UNINITIALIZED_AUTOS = YES_AGGRESSIVE;
				GCC_WARN_UNUSED_FUNCTION = YES;
				GCC_WARN_UNUSED_VARIABLE = YES;
				IPHONEOS_DEPLOYMENT_TARGET = 16.0;
				MTL_ENABLE_DEBUG_INFO = INCLUDE_SOURCE;
				MTL_FAST_MATH = YES;
				ONLY_ACTIVE_ARCH = YES;
				SDKROOT = iphoneos;
				SWIFT_ACTIVE_COMPILATION_CONDITIONS = DEBUG;
				SWIFT_OPTIMIZATION_LEVEL = "-Onone";
			};
			name = Debug;
		};
		807C2CE5296DA8A10035087B /* Release */ = {
			isa = XCBuildConfiguration;
			buildSettings = {
				ALWAYS_SEARCH_USER_PATHS = NO;
				CLANG_ANALYZER_NONNULL = YES;
				CLANG_ANALYZER_NUMBER_OBJECT_CONVERSION = YES_AGGRESSIVE;
				CLANG_CXX_LANGUAGE_STANDARD = "gnu++20";
				CLANG_ENABLE_MODULES = YES;
				CLANG_ENABLE_OBJC_ARC = YES;
				CLANG_ENABLE_OBJC_WEAK = YES;
				CLANG_WARN_BLOCK_CAPTURE_AUTORELEASING = YES;
				CLANG_WARN_BOOL_CONVERSION = YES;
				CLANG_WARN_COMMA = YES;
				CLANG_WARN_CONSTANT_CONVERSION = YES;
				CLANG_WARN_DEPRECATED_OBJC_IMPLEMENTATIONS = YES;
				CLANG_WARN_DIRECT_OBJC_ISA_USAGE = YES_ERROR;
				CLANG_WARN_DOCUMENTATION_COMMENTS = YES;
				CLANG_WARN_EMPTY_BODY = YES;
				CLANG_WARN_ENUM_CONVERSION = YES;
				CLANG_WARN_INFINITE_RECURSION = YES;
				CLANG_WARN_INT_CONVERSION = YES;
				CLANG_WARN_NON_LITERAL_NULL_CONVERSION = YES;
				CLANG_WARN_OBJC_IMPLICIT_RETAIN_SELF = YES;
				CLANG_WARN_OBJC_LITERAL_CONVERSION = YES;
				CLANG_WARN_OBJC_ROOT_CLASS = YES_ERROR;
				CLANG_WARN_QUOTED_INCLUDE_IN_FRAMEWORK_HEADER = YES;
				CLANG_WARN_RANGE_LOOP_ANALYSIS = YES;
				CLANG_WARN_STRICT_PROTOTYPES = YES;
				CLANG_WARN_SUSPICIOUS_MOVE = YES;
				CLANG_WARN_UNGUARDED_AVAILABILITY = YES_AGGRESSIVE;
				CLANG_WARN_UNREACHABLE_CODE = YES;
				CLANG_WARN__DUPLICATE_METHOD_MATCH = YES;
				COPY_PHASE_STRIP = NO;
				DEBUG_INFORMATION_FORMAT = "dwarf-with-dsym";
				ENABLE_NS_ASSERTIONS = NO;
				ENABLE_STRICT_OBJC_MSGSEND = YES;
				GCC_C_LANGUAGE_STANDARD = gnu11;
				GCC_NO_COMMON_BLOCKS = YES;
				GCC_WARN_64_TO_32_BIT_CONVERSION = YES;
				GCC_WARN_ABOUT_RETURN_TYPE = YES_ERROR;
				GCC_WARN_UNDECLARED_SELECTOR = YES;
				GCC_WARN_UNINITIALIZED_AUTOS = YES_AGGRESSIVE;
				GCC_WARN_UNUSED_FUNCTION = YES;
				GCC_WARN_UNUSED_VARIABLE = YES;
				IPHONEOS_DEPLOYMENT_TARGET = 16.0;
				MTL_ENABLE_DEBUG_INFO = NO;
				MTL_FAST_MATH = YES;
				SDKROOT = iphoneos;
				SWIFT_COMPILATION_MODE = wholemodule;
				SWIFT_OPTIMIZATION_LEVEL = "-O";
				VALIDATE_PRODUCT = YES;
			};
			name = Release;
		};
		807C2CE7296DA8A10035087B /* Debug */ = {
			isa = XCBuildConfiguration;
			buildSettings = {
				ASSETCATALOG_COMPILER_APPICON_NAME = AppIcon;
				ASSETCATALOG_COMPILER_GLOBAL_ACCENT_COLOR_NAME = AccentColor;
				CODE_SIGN_STYLE = Automatic;
				CURRENT_PROJECT_VERSION = 1;
				DEVELOPMENT_TEAM = 47S9Q57UGQ;
				GENERATE_INFOPLIST_FILE = YES;
				INFOPLIST_FILE = L_Weather/Info.plist;
				INFOPLIST_KEY_CFBundleDisplayName = L_Weather;
				INFOPLIST_KEY_LSApplicationCategoryType = "public.app-category.weather";
				INFOPLIST_KEY_UIApplicationSupportsIndirectInputEvents = YES;
				INFOPLIST_KEY_UILaunchStoryboardName = LaunchScreen;
				INFOPLIST_KEY_UISupportedInterfaceOrientations = "UIInterfaceOrientationLandscapeLeft UIInterfaceOrientationLandscapeRight UIInterfaceOrientationPortrait";
				INFOPLIST_KEY_UISupportedInterfaceOrientations_iPad = "UIInterfaceOrientationLandscapeLeft UIInterfaceOrientationLandscapeRight UIInterfaceOrientationPortrait UIInterfaceOrientationPortraitUpsideDown";
				IPHONEOS_DEPLOYMENT_TARGET = 16.0;
				LD_RUNPATH_SEARCH_PATHS = (
					"$(inherited)",
					"@executable_path/Frameworks",
				);
				MARKETING_VERSION = 1.0;
				PRODUCT_BUNDLE_IDENTIFIER = "com.slava-soft.L-Weather";
				PRODUCT_NAME = "$(TARGET_NAME)";
				SWIFT_EMIT_LOC_STRINGS = YES;
				SWIFT_VERSION = 5.0;
				TARGETED_DEVICE_FAMILY = "1,2";
			};
			name = Debug;
		};
		807C2CE8296DA8A10035087B /* Release */ = {
			isa = XCBuildConfiguration;
			buildSettings = {
				ASSETCATALOG_COMPILER_APPICON_NAME = AppIcon;
				ASSETCATALOG_COMPILER_GLOBAL_ACCENT_COLOR_NAME = AccentColor;
				CODE_SIGN_STYLE = Automatic;
				CURRENT_PROJECT_VERSION = 1;
				DEVELOPMENT_TEAM = 47S9Q57UGQ;
				GENERATE_INFOPLIST_FILE = YES;
				INFOPLIST_FILE = L_Weather/Info.plist;
				INFOPLIST_KEY_CFBundleDisplayName = L_Weather;
				INFOPLIST_KEY_LSApplicationCategoryType = "public.app-category.weather";
				INFOPLIST_KEY_UIApplicationSupportsIndirectInputEvents = YES;
				INFOPLIST_KEY_UILaunchStoryboardName = LaunchScreen;
				INFOPLIST_KEY_UISupportedInterfaceOrientations = "UIInterfaceOrientationLandscapeLeft UIInterfaceOrientationLandscapeRight UIInterfaceOrientationPortrait";
				INFOPLIST_KEY_UISupportedInterfaceOrientations_iPad = "UIInterfaceOrientationLandscapeLeft UIInterfaceOrientationLandscapeRight UIInterfaceOrientationPortrait UIInterfaceOrientationPortraitUpsideDown";
				IPHONEOS_DEPLOYMENT_TARGET = 16.0;
				LD_RUNPATH_SEARCH_PATHS = (
					"$(inherited)",
					"@executable_path/Frameworks",
				);
				MARKETING_VERSION = 1.0;
				PRODUCT_BUNDLE_IDENTIFIER = "com.slava-soft.L-Weather";
				PRODUCT_NAME = "$(TARGET_NAME)";
				SWIFT_EMIT_LOC_STRINGS = YES;
				SWIFT_VERSION = 5.0;
				TARGETED_DEVICE_FAMILY = "1,2";
			};
			name = Release;
		};
/* End XCBuildConfiguration section */

/* Begin XCConfigurationList section */
		807C2CCD296DA8A00035087B /* Build configuration list for PBXProject "L_Weather" */ = {
			isa = XCConfigurationList;
			buildConfigurations = (
				807C2CE4296DA8A10035087B /* Debug */,
				807C2CE5296DA8A10035087B /* Release */,
			);
			defaultConfigurationIsVisible = 0;
			defaultConfigurationName = Release;
		};
		807C2CE6296DA8A10035087B /* Build configuration list for PBXNativeTarget "L_Weather" */ = {
			isa = XCConfigurationList;
			buildConfigurations = (
				807C2CE7296DA8A10035087B /* Debug */,
				807C2CE8296DA8A10035087B /* Release */,
			);
			defaultConfigurationIsVisible = 0;
			defaultConfigurationName = Release;
		};
/* End XCConfigurationList section */

/* Begin XCRemoteSwiftPackageReference section */
		807C2CEF296DBDD10035087B /* XCRemoteSwiftPackageReference "SnapKit" */ = {
			isa = XCRemoteSwiftPackageReference;
			repositoryURL = "https://github.com/SnapKit/SnapKit";
			requirement = {
				kind = upToNextMajorVersion;
				minimumVersion = 5.0.0;
			};
		};
		80CBADA029771BCB008D7245 /* XCRemoteSwiftPackageReference "SVGKit" */ = {
			isa = XCRemoteSwiftPackageReference;
			repositoryURL = "https://github.com/SVGKit/SVGKit";
			requirement = {
				kind = upToNextMajorVersion;
				minimumVersion = 3.0.0;
			};
		};
/* End XCRemoteSwiftPackageReference section */

/* Begin XCSwiftPackageProductDependency section */
		807C2CF0296DBDD10035087B /* SnapKit */ = {
			isa = XCSwiftPackageProductDependency;
			package = 807C2CEF296DBDD10035087B /* XCRemoteSwiftPackageReference "SnapKit" */;
			productName = SnapKit;
		};
		80CBADA129771BCB008D7245 /* SVGKitSwift */ = {
			isa = XCSwiftPackageProductDependency;
			package = 80CBADA029771BCB008D7245 /* XCRemoteSwiftPackageReference "SVGKit" */;
			productName = SVGKitSwift;
		};
/* End XCSwiftPackageProductDependency section */

/* Begin XCVersionGroup section */
		80F7A5C02974540C00609786 /* L_Weather.xcdatamodeld */ = {
			isa = XCVersionGroup;
			children = (
				80F7A5C12974540C00609786 /* L_Weather.xcdatamodel */,
			);
			currentVersion = 80F7A5C12974540C00609786 /* L_Weather.xcdatamodel */;
			path = L_Weather.xcdatamodeld;
			sourceTree = "<group>";
			versionGroupType = wrapper.xcdatamodel;
		};
/* End XCVersionGroup section */
	};
	rootObject = 807C2CCA296DA8A00035087B /* Project object */;
}
